
Microsoft Visual Studio Solution File, Format Version 12.00
# Visual Studio 15
VisualStudioVersion = 15.0.25920.0
MinimumVisualStudioVersion = 10.0.40219.1
Project("{2150E333-8FDC-42A3-9474-1A3956D46DE8}") = "Solution Items", "Solution Items", "{43196EF9-B75F-4ABB-8967-DAFD621A7D05}"
	ProjectSection(SolutionItems) = preProject
		appveyor.yml = appveyor.yml
		Portable.BouncyCastle.nuspec = Portable.BouncyCastle.nuspec
		README.md = README.md
	EndProjectSection
EndProject
Project("{9A19103F-16F7-4668-BE54-9A1E7A4F7556}") = "crypto", "crypto\src\crypto.csproj", "{60F6E5B2-8CE6-4817-89B6-369AAE1C6187}"
EndProject
Project("{9A19103F-16F7-4668-BE54-9A1E7A4F7556}") = "crypto.test", "crypto\test\crypto.test.csproj", "{8EAF3F18-33E6-47A6-B299-4584822399B6}"
EndProject
Global
	GlobalSection(SolutionConfigurationPlatforms) = preSolution
		Debug|Any CPU = Debug|Any CPU
		Release|Any CPU = Release|Any CPU
	EndGlobalSection
	GlobalSection(ProjectConfigurationPlatforms) = postSolution
		{60F6E5B2-8CE6-4817-89B6-369AAE1C6187}.Debug|Any CPU.ActiveCfg = Debug|Any CPU
		{60F6E5B2-8CE6-4817-89B6-369AAE1C6187}.Debug|Any CPU.Build.0 = Debug|Any CPU
		{60F6E5B2-8CE6-4817-89B6-369AAE1C6187}.Release|Any CPU.ActiveCfg = Release|Any CPU
		{60F6E5B2-8CE6-4817-89B6-369AAE1C6187}.Release|Any CPU.Build.0 = Release|Any CPU
		{8EAF3F18-33E6-47A6-B299-4584822399B6}.Debug|Any CPU.ActiveCfg = Debug|Any CPU
		{8EAF3F18-33E6-47A6-B299-4584822399B6}.Debug|Any CPU.Build.0 = Debug|Any CPU
		{8EAF3F18-33E6-47A6-B299-4584822399B6}.Release|Any CPU.ActiveCfg = Release|Any CPU
		{8EAF3F18-33E6-47A6-B299-4584822399B6}.Release|Any CPU.Build.0 = Release|Any CPU
	EndGlobalSection
	GlobalSection(SolutionProperties) = preSolution
		HideSolutionNode = FALSE
	EndGlobalSection
EndGlobal
