
Microsoft Visual Studio Solution File, Format Version 9.00
# Visual Studio 2005
Project("{FAE04EC0-301F-11D3-BF4B-00C04F79EFBC}") = "crypto", "crypto\crypto.csproj", "{6A0C69D8-FE4B-45DD-B607-4DAF6EFBE6B3}"
EndProject
Project("{FAE04EC0-301F-11D3-BF4B-00C04F79EFBC}") = "crypto-test", "crypto-test\crypto-test.csproj", "{2A395FC1-AD42-478C-BE04-6649DB82F1B7}"
EndProject
Global
	GlobalSection(SolutionConfigurationPlatforms) = preSolution
		Debug|Any CPU = Debug|Any CPU
		Release|Any CPU = Release|Any CPU
	EndGlobalSection
	GlobalSection(ProjectConfigurationPlatforms) = postSolution
		{2A395FC1-AD42-478C-BE04-6649DB82F1B7}.Debug|Any CPU.ActiveCfg = Debug|Any CPU
		{2A395FC1-AD42-478C-BE04-6649DB82F1B7}.Debug|Any CPU.Build.0 = Debug|Any CPU
		{2A395FC1-AD42-478C-BE04-6649DB82F1B7}.Release|Any CPU.ActiveCfg = Release|Any CPU
		{2A395FC1-AD42-478C-BE04-6649DB82F1B7}.Release|Any CPU.Build.0 = Release|Any CPU
		{6A0C69D8-FE4B-45DD-B607-4DAF6EFBE6B3}.Debug|Any CPU.ActiveCfg = Debug|Any CPU
		{6A0C69D8-FE4B-45DD-B607-4DAF6EFBE6B3}.Debug|Any CPU.Build.0 = Debug|Any CPU
		{6A0C69D8-FE4B-45DD-B607-4DAF6EFBE6B3}.Release|Any CPU.ActiveCfg = Release|Any CPU
		{6A0C69D8-FE4B-45DD-B607-4DAF6EFBE6B3}.Release|Any CPU.Build.0 = Release|Any CPU
	EndGlobalSection
	GlobalSection(MonoDevelopProperties) = preSolution
		StartupItem = crypto\crypto.csproj
	EndGlobalSection
EndGlobal
